
Microsoft Visual Studio Solution File, Format Version 12.00
# Visual Studio Version 16
VisualStudioVersion = 16.0.31129.286
MinimumVisualStudioVersion = 10.0.40219.1
Project("{9A19103F-16F7-4668-BE54-9A1E7A4F7556}") = "CursoMVC", "CursoMVC\CursoMVC.csproj", "{A4FFD3B3-BE60-4A1C-94F1-71AB86E2C2FA}"
EndProject
Project("{9A19103F-16F7-4668-BE54-9A1E7A4F7556}") = "CursoAPI", "CursoAPI\CursoAPI.csproj", "{52C7EAFE-60F4-4CAF-B4E4-E0DF0D0F34F7}"
EndProject
Project("{FAE04EC0-301F-11D3-BF4B-00C04F79EFBC}") = "CursoTest", "CursoTest\CursoTest.csproj", "{186EE733-A7E6-460C-BAEB-8006DEC0E521}"
EndProject
Global
	GlobalSection(SolutionConfigurationPlatforms) = preSolution
		Debug|Any CPU = Debug|Any CPU
		Release|Any CPU = Release|Any CPU
	EndGlobalSection
	GlobalSection(ProjectConfigurationPlatforms) = postSolution
		{A4FFD3B3-BE60-4A1C-94F1-71AB86E2C2FA}.Debug|Any CPU.ActiveCfg = Debug|Any CPU
		{A4FFD3B3-BE60-4A1C-94F1-71AB86E2C2FA}.Debug|Any CPU.Build.0 = Debug|Any CPU
		{A4FFD3B3-BE60-4A1C-94F1-71AB86E2C2FA}.Release|Any CPU.ActiveCfg = Release|Any CPU
		{A4FFD3B3-BE60-4A1C-94F1-71AB86E2C2FA}.Release|Any CPU.Build.0 = Release|Any CPU
		{52C7EAFE-60F4-4CAF-B4E4-E0DF0D0F34F7}.Debug|Any CPU.ActiveCfg = Debug|Any CPU
		{52C7EAFE-60F4-4CAF-B4E4-E0DF0D0F34F7}.Debug|Any CPU.Build.0 = Debug|Any CPU
		{52C7EAFE-60F4-4CAF-B4E4-E0DF0D0F34F7}.Release|Any CPU.ActiveCfg = Release|Any CPU
		{52C7EAFE-60F4-4CAF-B4E4-E0DF0D0F34F7}.Release|Any CPU.Build.0 = Release|Any CPU
		{186EE733-A7E6-460C-BAEB-8006DEC0E521}.Debug|Any CPU.ActiveCfg = Debug|Any CPU
		{186EE733-A7E6-460C-BAEB-8006DEC0E521}.Debug|Any CPU.Build.0 = Debug|Any CPU
		{186EE733-A7E6-460C-BAEB-8006DEC0E521}.Release|Any CPU.ActiveCfg = Release|Any CPU
		{186EE733-A7E6-460C-BAEB-8006DEC0E521}.Release|Any CPU.Build.0 = Release|Any CPU
	EndGlobalSection
	GlobalSection(SolutionProperties) = preSolution
		HideSolutionNode = FALSE
	EndGlobalSection
	GlobalSection(ExtensibilityGlobals) = postSolution
		SolutionGuid = {5790691C-080C-45C4-AC97-C34188D973ED}
	EndGlobalSection
EndGlobal
